
Microsoft Visual Studio Solution File, Format Version 12.00
# Visual Studio Version 16
VisualStudioVersion = 16.0.31729.503
MinimumVisualStudioVersion = 10.0.40219.1
Project("{FAE04EC0-301F-11D3-BF4B-00C04F79EFBC}") = "smartpuls_Deneme", "smartpuls_Deneme\smartpuls_Deneme.csproj", "{61378E18-C9AF-4F5D-B74D-AB5474D077CE}"
EndProject
Global
	GlobalSection(SolutionConfigurationPlatforms) = preSolution
		Debug|Any CPU = Debug|Any CPU
		Release|Any CPU = Release|Any CPU
	EndGlobalSection
	GlobalSection(ProjectConfigurationPlatforms) = postSolution
		{61378E18-C9AF-4F5D-B74D-AB5474D077CE}.Debug|Any CPU.ActiveCfg = Debug|Any CPU
		{61378E18-C9AF-4F5D-B74D-AB5474D077CE}.Debug|Any CPU.Build.0 = Debug|Any CPU
		{61378E18-C9AF-4F5D-B74D-AB5474D077CE}.Release|Any CPU.ActiveCfg = Release|Any CPU
		{61378E18-C9AF-4F5D-B74D-AB5474D077CE}.Release|Any CPU.Build.0 = Release|Any CPU
	EndGlobalSection
	GlobalSection(SolutionProperties) = preSolution
		HideSolutionNode = FALSE
	EndGlobalSection
	GlobalSection(ExtensibilityGlobals) = postSolution
		SolutionGuid = {31F2BB68-827A-46D9-8A3E-B0937ECFEFC9}
	EndGlobalSection
EndGlobal
